// !$*UTF8*$!
{
	archiveVersion = 1;
	classes = {
	};
	objectVersion = 46;
	objects = {

/* Begin PBXBuildFile section */
		2ECC94401A187BEF004907A2 /* AppDelegate.swift in Sources */ = {isa = PBXBuildFile; fileRef = 2ECC943F1A187BEF004907A2 /* AppDelegate.swift */; };
		2ECC94421A187BEF004907A2 /* ViewController.swift in Sources */ = {isa = PBXBuildFile; fileRef = 2ECC94411A187BEF004907A2 /* ViewController.swift */; };
		2ECC94451A187BEF004907A2 /* Main.storyboard in Resources */ = {isa = PBXBuildFile; fileRef = 2ECC94431A187BEF004907A2 /* Main.storyboard */; };
		2ECC94471A187BEF004907A2 /* Images.xcassets in Resources */ = {isa = PBXBuildFile; fileRef = 2ECC94461A187BEF004907A2 /* Images.xcassets */; };
		2ECC944A1A187BEF004907A2 /* LaunchScreen.xib in Resources */ = {isa = PBXBuildFile; fileRef = 2ECC94481A187BEF004907A2 /* LaunchScreen.xib */; };
		2ECC94561A187BEF004907A2 /* MarioTests.swift in Sources */ = {isa = PBXBuildFile; fileRef = 2ECC94551A187BEF004907A2 /* MarioTests.swift */; };
		2ECC94611A187DA0004907A2 /* dsViewController.swift in Sources */ = {isa = PBXBuildFile; fileRef = 2ECC94601A187DA0004907A2 /* dsViewController.swift */; };
		2ECC94821A187E9A004907A2 /* 1.png in Resources */ = {isa = PBXBuildFile; fileRef = 2ECC94781A187E9A004907A2 /* 1.png */; };
		2ECC94831A187E9A004907A2 /* 2.png in Resources */ = {isa = PBXBuildFile; fileRef = 2ECC94791A187E9A004907A2 /* 2.png */; };
		2ECC94841A187E9A004907A2 /* 3.png in Resources */ = {isa = PBXBuildFile; fileRef = 2ECC947A1A187E9A004907A2 /* 3.png */; };
		2ECC94851A187E9A004907A2 /* 4.png in Resources */ = {isa = PBXBuildFile; fileRef = 2ECC947B1A187E9A004907A2 /* 4.png */; };
		2ECC94861A187E9A004907A2 /* 5.png in Resources */ = {isa = PBXBuildFile; fileRef = 2ECC947C1A187E9A004907A2 /* 5.png */; };
		2ECC94871A187E9A004907A2 /* 6.png in Resources */ = {isa = PBXBuildFile; fileRef = 2ECC947D1A187E9A004907A2 /* 6.png */; };
		2ECC94881A187E9A004907A2 /* 7.png in Resources */ = {isa = PBXBuildFile; fileRef = 2ECC947E1A187E9A004907A2 /* 7.png */; };
		2ECC94891A187E9A004907A2 /* box.png in Resources */ = {isa = PBXBuildFile; fileRef = 2ECC947F1A187E9A004907A2 /* box.png */; };
		2ECC948A1A187E9A004907A2 /* city1.png in Resources */ = {isa = PBXBuildFile; fileRef = 2ECC94801A187E9A004907A2 /* city1.png */; };
		2ECC948B1A187E9A004907A2 /* city2.png in Resources */ = {isa = PBXBuildFile; fileRef = 2ECC94811A187E9A004907A2 /* city2.png */; };
/* End PBXBuildFile section */

/* Begin PBXContainerItemProxy section */
		2ECC94501A187BEF004907A2 /* PBXContainerItemProxy */ = {
			isa = PBXContainerItemProxy;
			containerPortal = 2ECC94321A187BEF004907A2 /* Project object */;
			proxyType = 1;
			remoteGlobalIDString = 2ECC94391A187BEF004907A2;
			remoteInfo = Mario;
		};
/* End PBXContainerItemProxy section */

/* Begin PBXFileReference section */
		2ECC943A1A187BEF004907A2 /* Mario.app */ = {isa = PBXFileReference; explicitFileType = wrapper.application; includeInIndex = 0; path = Mario.app; sourceTree = BUILT_PRODUCTS_DIR; };
		2ECC943E1A187BEF004907A2 /* Info.plist */ = {isa = PBXFileReference; lastKnownFileType = text.plist.xml; path = Info.plist; sourceTree = "<group>"; };
		2ECC943F1A187BEF004907A2 /* AppDelegate.swift */ = {isa = PBXFileReference; lastKnownFileType = sourcecode.swift; path = AppDelegate.swift; sourceTree = "<group>"; };
		2ECC94411A187BEF004907A2 /* ViewController.swift */ = {isa = PBXFileReference; lastKnownFileType = sourcecode.swift; path = ViewController.swift; sourceTree = "<group>"; };
		2ECC94441A187BEF004907A2 /* Base */ = {isa = PBXFileReference; lastKnownFileType = file.storyboard; name = Base; path = Base.lproj/Main.storyboard; sourceTree = "<group>"; };
		2ECC94461A187BEF004907A2 /* Images.xcassets */ = {isa = PBXFileReference; lastKnownFileType = folder.assetcatalog; path = Images.xcassets; sourceTree = "<group>"; };
		2ECC94491A187BEF004907A2 /* Base */ = {isa = PBXFileReference; lastKnownFileType = file.xib; name = Base; path = Base.lproj/LaunchScreen.xib; sourceTree = "<group>"; };
		2ECC944F1A187BEF004907A2 /* MarioTests.xctest */ = {isa = PBXFileReference; explicitFileType = wrapper.cfbundle; includeInIndex = 0; path = MarioTests.xctest; sourceTree = BUILT_PRODUCTS_DIR; };
		2ECC94541A187BEF004907A2 /* Info.plist */ = {isa = PBXFileReference; lastKnownFileType = text.plist.xml; path = Info.plist; sourceTree = "<group>"; };
		2ECC94551A187BEF004907A2 /* MarioTests.swift */ = {isa = PBXFileReference; lastKnownFileType = sourcecode.swift; path = MarioTests.swift; sourceTree = "<group>"; };
		2ECC94601A187DA0004907A2 /* dsViewController.swift */ = {isa = PBXFileReference; fileEncoding = 4; lastKnownFileType = sourcecode.swift; path = dsViewController.swift; sourceTree = "<group>"; };
		2ECC94781A187E9A004907A2 /* 1.png */ = {isa = PBXFileReference; lastKnownFileType = image.png; path = 1.png; sourceTree = "<group>"; };
		2ECC94791A187E9A004907A2 /* 2.png */ = {isa = PBXFileReference; lastKnownFileType = image.png; path = 2.png; sourceTree = "<group>"; };
		2ECC947A1A187E9A004907A2 /* 3.png */ = {isa = PBXFileReference; lastKnownFileType = image.png; path = 3.png; sourceTree = "<group>"; };
		2ECC947B1A187E9A004907A2 /* 4.png */ = {isa = PBXFileReference; lastKnownFileType = image.png; path = 4.png; sourceTree = "<group>"; };
		2ECC947C1A187E9A004907A2 /* 5.png */ = {isa = PBXFileReference; lastKnownFileType = image.png; path = 5.png; sourceTree = "<group>"; };
		2ECC947D1A187E9A004907A2 /* 6.png */ = {isa = PBXFileReference; lastKnownFileType = image.png; path = 6.png; sourceTree = "<group>"; };
		2ECC947E1A187E9A004907A2 /* 7.png */ = {isa = PBXFileReference; lastKnownFileType = image.png; path = 7.png; sourceTree = "<group>"; };
		2ECC947F1A187E9A004907A2 /* box.png */ = {isa = PBXFileReference; lastKnownFileType = image.png; path = box.png; sourceTree = "<group>"; };
		2ECC94801A187E9A004907A2 /* city1.png */ = {isa = PBXFileReference; lastKnownFileType = image.png; path = city1.png; sourceTree = "<group>"; };
		2ECC94811A187E9A004907A2 /* city2.png */ = {isa = PBXFileReference; lastKnownFileType = image.png; path = city2.png; sourceTree = "<group>"; };
/* End PBXFileReference section */

/* Begin PBXFrameworksBuildPhase section */
		2ECC94371A187BEF004907A2 /* Frameworks */ = {
			isa = PBXFrameworksBuildPhase;
			buildActionMask = 2147483647;
			files = (
			);
			runOnlyForDeploymentPostprocessing = 0;
		};
		2ECC944C1A187BEF004907A2 /* Frameworks */ = {
			isa = PBXFrameworksBuildPhase;
			buildActionMask = 2147483647;
			files = (
			);
			runOnlyForDeploymentPostprocessing = 0;
		};
/* End PBXFrameworksBuildPhase section */

/* Begin PBXGroup section */
		2ECC94311A187BEF004907A2 = {
			isa = PBXGroup;
			children = (
				2ECC94771A187E9A004907A2 /* Resources */,
				2ECC943C1A187BEF004907A2 /* Mario */,
				2ECC94521A187BEF004907A2 /* MarioTests */,
				2ECC943B1A187BEF004907A2 /* Products */,
			);
			sourceTree = "<group>";
		};
		2ECC943B1A187BEF004907A2 /* Products */ = {
			isa = PBXGroup;
			children = (
				2ECC943A1A187BEF004907A2 /* Mario.app */,
				2ECC944F1A187BEF004907A2 /* MarioTests.xctest */,
			);
			name = Products;
			sourceTree = "<group>";
		};
		2ECC943C1A187BEF004907A2 /* Mario */ = {
			isa = PBXGroup;
			children = (
				2ECC943F1A187BEF004907A2 /* AppDelegate.swift */,
				2ECC94411A187BEF004907A2 /* ViewController.swift */,
				2ECC94431A187BEF004907A2 /* Main.storyboard */,
				2ECC94461A187BEF004907A2 /* Images.xcassets */,
				2ECC94481A187BEF004907A2 /* LaunchScreen.xib */,
				2ECC943D1A187BEF004907A2 /* Supporting Files */,
				2ECC94601A187DA0004907A2 /* dsViewController.swift */,
			);
			path = Mario;
			sourceTree = "<group>";
		};
		2ECC943D1A187BEF004907A2 /* Supporting Files */ = {
			isa = PBXGroup;
			children = (
				2ECC943E1A187BEF004907A2 /* Info.plist */,
			);
			name = "Supporting Files";
			sourceTree = "<group>";
		};
		2ECC94521A187BEF004907A2 /* MarioTests */ = {
			isa = PBXGroup;
			children = (
				2ECC94551A187BEF004907A2 /* MarioTests.swift */,
				2ECC94531A187BEF004907A2 /* Supporting Files */,
			);
			path = MarioTests;
			sourceTree = "<group>";
		};
		2ECC94531A187BEF004907A2 /* Supporting Files */ = {
			isa = PBXGroup;
			children = (
				2ECC94541A187BEF004907A2 /* Info.plist */,
			);
			name = "Supporting Files";
			sourceTree = "<group>";
		};
		2ECC94771A187E9A004907A2 /* Resources */ = {
			isa = PBXGroup;
			children = (
				2ECC94781A187E9A004907A2 /* 1.png */,
				2ECC94791A187E9A004907A2 /* 2.png */,
				2ECC947A1A187E9A004907A2 /* 3.png */,
				2ECC947B1A187E9A004907A2 /* 4.png */,
				2ECC947C1A187E9A004907A2 /* 5.png */,
				2ECC947D1A187E9A004907A2 /* 6.png */,
				2ECC947E1A187E9A004907A2 /* 7.png */,
				2ECC947F1A187E9A004907A2 /* box.png */,
				2ECC94801A187E9A004907A2 /* city1.png */,
				2ECC94811A187E9A004907A2 /* city2.png */,
			);
			path = Resources;
			sourceTree = "<group>";
		};
/* End PBXGroup section */

/* Begin PBXNativeTarget section */
		2ECC94391A187BEF004907A2 /* Mario */ = {
			isa = PBXNativeTarget;
			buildConfigurationList = 2ECC94591A187BEF004907A2 /* Build configuration list for PBXNativeTarget "Mario" */;
			buildPhases = (
				2ECC94361A187BEF004907A2 /* Sources */,
				2ECC94371A187BEF004907A2 /* Frameworks */,
				2ECC94381A187BEF004907A2 /* Resources */,
			);
			buildRules = (
			);
			dependencies = (
			);
			name = Mario;
			productName = Mario;
			productReference = 2ECC943A1A187BEF004907A2 /* Mario.app */;
			productType = "com.apple.product-type.application";
		};
		2ECC944E1A187BEF004907A2 /* MarioTests */ = {
			isa = PBXNativeTarget;
			buildConfigurationList = 2ECC945C1A187BEF004907A2 /* Build configuration list for PBXNativeTarget "MarioTests" */;
			buildPhases = (
				2ECC944B1A187BEF004907A2 /* Sources */,
				2ECC944C1A187BEF004907A2 /* Frameworks */,
				2ECC944D1A187BEF004907A2 /* Resources */,
			);
			buildRules = (
			);
			dependencies = (
				2ECC94511A187BEF004907A2 /* PBXTargetDependency */,
			);
			name = MarioTests;
			productName = MarioTests;
			productReference = 2ECC944F1A187BEF004907A2 /* MarioTests.xctest */;
			productType = "com.apple.product-type.bundle.unit-test";
		};
/* End PBXNativeTarget section */

/* Begin PBXProject section */
		2ECC94321A187BEF004907A2 /* Project object */ = {
			isa = PBXProject;
			attributes = {
				LastUpgradeCheck = 0610;
				ORGANIZATIONNAME = ios25;
				TargetAttributes = {
					2ECC94391A187BEF004907A2 = {
						CreatedOnToolsVersion = 6.1;
					};
					2ECC944E1A187BEF004907A2 = {
						CreatedOnToolsVersion = 6.1;
						TestTargetID = 2ECC94391A187BEF004907A2;
					};
				};
			};
			buildConfigurationList = 2ECC94351A187BEF004907A2 /* Build configuration list for PBXProject "Mario" */;
			compatibilityVersion = "Xcode 3.2";
			developmentRegion = English;
			hasScannedForEncodings = 0;
			knownRegions = (
				en,
				Base,
			);
			mainGroup = 2ECC94311A187BEF004907A2;
			productRefGroup = 2ECC943B1A187BEF004907A2 /* Products */;
			projectDirPath = "";
			projectRoot = "";
			targets = (
				2ECC94391A187BEF004907A2 /* Mario */,
				2ECC944E1A187BEF004907A2 /* MarioTests */,
			);
		};
/* End PBXProject section */

/* Begin PBXResourcesBuildPhase section */
		2ECC94381A187BEF004907A2 /* Resources */ = {
			isa = PBXResourcesBuildPhase;
			buildActionMask = 2147483647;
			files = (
				2ECC94451A187BEF004907A2 /* Main.storyboard in Resources */,
				2ECC94891A187E9A004907A2 /* box.png in Resources */,
				2ECC94851A187E9A004907A2 /* 4.png in Resources */,
				2ECC94821A187E9A004907A2 /* 1.png in Resources */,
				2ECC94871A187E9A004907A2 /* 6.png in Resources */,
				2ECC94831A187E9A004907A2 /* 2.png in Resources */,
				2ECC948A1A187E9A004907A2 /* city1.png in Resources */,
				2ECC94841A187E9A004907A2 /* 3.png in Resources */,
				2ECC94861A187E9A004907A2 /* 5.png in Resources */,
				2ECC94881A187E9A004907A2 /* 7.png in Resources */,
				2ECC944A1A187BEF004907A2 /* LaunchScreen.xib in Resources */,
				2ECC948B1A187E9A004907A2 /* city2.png in Resources */,
				2ECC94471A187BEF004907A2 /* Images.xcassets in Resources */,
			);
			runOnlyForDeploymentPostprocessing = 0;
		};
		2ECC944D1A187BEF004907A2 /* Resources */ = {
			isa = PBXResourcesBuildPhase;
			buildActionMask = 2147483647;
			files = (
			);
			runOnlyForDeploymentPostprocessing = 0;
		};
/* End PBXResourcesBuildPhase section */

/* Begin PBXSourcesBuildPhase section */
		2ECC94361A187BEF004907A2 /* Sources */ = {
			isa = PBXSourcesBuildPhase;
			buildActionMask = 2147483647;
			files = (
				2ECC94421A187BEF004907A2 /* ViewController.swift in Sources */,
				2ECC94401A187BEF004907A2 /* AppDelegate.swift in Sources */,
				2ECC94611A187DA0004907A2 /* dsViewController.swift in Sources */,
			);
			runOnlyForDeploymentPostprocessing = 0;
		};
		2ECC944B1A187BEF004907A2 /* Sources */ = {
			isa = PBXSourcesBuildPhase;
			buildActionMask = 2147483647;
			files = (
				2ECC94561A187BEF004907A2 /* MarioTests.swift in Sources */,
			);
			runOnlyForDeploymentPostprocessing = 0;
		};
/* End PBXSourcesBuildPhase section */

/* Begin PBXTargetDependency section */
		2ECC94511A187BEF004907A2 /* PBXTargetDependency */ = {
			isa = PBXTargetDependency;
			target = 2ECC94391A187BEF004907A2 /* Mario */;
			targetProxy = 2ECC94501A187BEF004907A2 /* PBXContainerItemProxy */;
		};
/* End PBXTargetDependency section */

/* Begin PBXVariantGroup section */
		2ECC94431A187BEF004907A2 /* Main.storyboard */ = {
			isa = PBXVariantGroup;
			children = (
				2ECC94441A187BEF004907A2 /* Base */,
			);
			name = Main.storyboard;
			sourceTree = "<group>";
		};
		2ECC94481A187BEF004907A2 /* LaunchScreen.xib */ = {
			isa = PBXVariantGroup;
			children = (
				2ECC94491A187BEF004907A2 /* Base */,
			);
			name = LaunchScreen.xib;
			sourceTree = "<group>";
		};
/* End PBXVariantGroup section */

/* Begin XCBuildConfiguration section */
		2ECC94571A187BEF004907A2 /* Debug */ = {
			isa = XCBuildConfiguration;
			buildSettings = {
				ALWAYS_SEARCH_USER_PATHS = NO;
				CLANG_CXX_LANGUAGE_STANDARD = "gnu++0x";
				CLANG_CXX_LIBRARY = "libc++";
				CLANG_ENABLE_MODULES = YES;
				CLANG_ENABLE_OBJC_ARC = YES;
				CLANG_WARN_BOOL_CONVERSION = YES;
				CLANG_WARN_CONSTANT_CONVERSION = YES;
				CLANG_WARN_DIRECT_OBJC_ISA_USAGE = YES_ERROR;
				CLANG_WARN_EMPTY_BODY = YES;
				CLANG_WARN_ENUM_CONVERSION = YES;
				CLANG_WARN_INT_CONVERSION = YES;
				CLANG_WARN_OBJC_ROOT_CLASS = YES_ERROR;
				CLANG_WARN_UNREACHABLE_CODE = YES;
				CLANG_WARN__DUPLICATE_METHOD_MATCH = YES;
				"CODE_SIGN_IDENTITY[sdk=iphoneos*]" = "iPhone Developer";
				COPY_PHASE_STRIP = NO;
				ENABLE_STRICT_OBJC_MSGSEND = YES;
				GCC_C_LANGUAGE_STANDARD = gnu99;
				GCC_DYNAMIC_NO_PIC = NO;
				GCC_OPTIMIZATION_LEVEL = 0;
				GCC_PREPROCESSOR_DEFINITIONS = (
					"DEBUG=1",
					"$(inherited)",
				);
				GCC_SYMBOLS_PRIVATE_EXTERN = NO;
				GCC_WARN_64_TO_32_BIT_CONVERSION = YES;
				GCC_WARN_ABOUT_RETURN_TYPE = YES_ERROR;
				GCC_WARN_UNDECLARED_SELECTOR = YES;
				GCC_WARN_UNINITIALIZED_AUTOS = YES_AGGRESSIVE;
				GCC_WARN_UNUSED_FUNCTION = YES;
				GCC_WARN_UNUSED_VARIABLE = YES;
				IPHONEOS_DEPLOYMENT_TARGET = 8.1;
				MTL_ENABLE_DEBUG_INFO = YES;
				ONLY_ACTIVE_ARCH = YES;
				SDKROOT = iphoneos;
				SWIFT_OPTIMIZATION_LEVEL = "-Onone";
			};
			name = Debug;
		};
		2ECC94581A187BEF004907A2 /* Release */ = {
			isa = XCBuildConfiguration;
			buildSettings = {
				ALWAYS_SEARCH_USER_PATHS = NO;
				CLANG_CXX_LANGUAGE_STANDARD = "gnu++0x";
				CLANG_CXX_LIBRARY = "libc++";
				CLANG_ENABLE_MODULES = YES;
				CLANG_ENABLE_OBJC_ARC = YES;
				CLANG_WARN_BOOL_CONVERSION = YES;
				CLANG_WARN_CONSTANT_CONVERSION = YES;
				CLANG_WARN_DIRECT_OBJC_ISA_USAGE = YES_ERROR;
				CLANG_WARN_EMPTY_BODY = YES;
				CLANG_WARN_ENUM_CONVERSION = YES;
				CLANG_WARN_INT_CONVERSION = YES;
				CLANG_WARN_OBJC_ROOT_CLASS = YES_ERROR;
				CLANG_WARN_UNREACHABLE_CODE = YES;
				CLANG_WARN__DUPLICATE_METHOD_MATCH = YES;
				"CODE_SIGN_IDENTITY[sdk=iphoneos*]" = "iPhone Developer";
				COPY_PHASE_STRIP = YES;
				ENABLE_NS_ASSERTIONS = NO;
				ENABLE_STRICT_OBJC_MSGSEND = YES;
				GCC_C_LANGUAGE_STANDARD = gnu99;
				GCC_WARN_64_TO_32_BIT_CONVERSION = YES;
				GCC_WARN_ABOUT_RETURN_TYPE = YES_ERROR;
				GCC_WARN_UNDECLARED_SELECTOR = YES;
				GCC_WARN_UNINITIALIZED_AUTOS = YES_AGGRESSIVE;
				GCC_WARN_UNUSED_FUNCTION = YES;
				GCC_WARN_UNUSED_VARIABLE = YES;
				IPHONEOS_DEPLOYMENT_TARGET = 8.1;
				MTL_ENABLE_DEBUG_INFO = NO;
				SDKROOT = iphoneos;
				VALIDATE_PRODUCT = YES;
			};
			name = Release;
		};
		2ECC945A1A187BEF004907A2 /* Debug */ = {
			isa = XCBuildConfiguration;
			buildSettings = {
				ASSETCATALOG_COMPILER_APPICON_NAME = AppIcon;
				INFOPLIST_FILE = Mario/Info.plist;
				LD_RUNPATH_SEARCH_PATHS = "$(inherited) @executable_path/Frameworks";
				PRODUCT_NAME = "$(TARGET_NAME)";
			};
			name = Debug;
		};
		2ECC945B1A187BEF004907A2 /* Release */ = {
			isa = XCBuildConfiguration;
			buildSettings = {
				ASSETCATALOG_COMPILER_APPICON_NAME = AppIcon;
				INFOPLIST_FILE = Mario/Info.plist;
				LD_RUNPATH_SEARCH_PATHS = "$(inherited) @executable_path/Frameworks";
				PRODUCT_NAME = "$(TARGET_NAME)";
			};
			name = Release;
		};
		2ECC945D1A187BEF004907A2 /* Debug */ = {
			isa = XCBuildConfiguration;
			buildSettings = {
				BUNDLE_LOADER = "$(TEST_HOST)";
				FRAMEWORK_SEARCH_PATHS = (
					"$(SDKROOT)/Developer/Library/Frameworks",
					"$(inherited)",
				);
				GCC_PREPROCESSOR_DEFINITIONS = (
					"DEBUG=1",
					"$(inherited)",
				);
				INFOPLIST_FILE = MarioTests/Info.plist;
				LD_RUNPATH_SEARCH_PATHS = "$(inherited) @executable_path/Frameworks @loader_path/Frameworks";
				PRODUCT_NAME = "$(TARGET_NAME)";
				TEST_HOST = "$(BUILT_PRODUCTS_DIR)/Mario.app/Mario";
			};
			name = Debug;
		};
		2ECC945E1A187BEF004907A2 /* Release */ = {
			isa = XCBuildConfiguration;
			buildSettings = {
				BUNDLE_LOADER = "$(TEST_HOST)";
				FRAMEWORK_SEARCH_PATHS = (
					"$(SDKROOT)/Developer/Library/Frameworks",
					"$(inherited)",
				);
				INFOPLIST_FILE = MarioTests/Info.plist;
				LD_RUNPATH_SEARCH_PATHS = "$(inherited) @executable_path/Frameworks @loader_path/Frameworks";
				PRODUCT_NAME = "$(TARGET_NAME)";
				TEST_HOST = "$(BUILT_PRODUCTS_DIR)/Mario.app/Mario";
			};
			name = Release;
		};
/* End XCBuildConfiguration section */

/* Begin XCConfigurationList section */
		2ECC94351A187BEF004907A2 /* Build configuration list for PBXProject "Mario" */ = {
			isa = XCConfigurationList;
			buildConfigurations = (
				2ECC94571A187BEF004907A2 /* Debug */,
				2ECC94581A187BEF004907A2 /* Release */,
			);
			defaultConfigurationIsVisible = 0;
			defaultConfigurationName = Release;
		};
		2ECC94591A187BEF004907A2 /* Build configuration list for PBXNativeTarget "Mario" */ = {
			isa = XCConfigurationList;
			buildConfigurations = (
				2ECC945A1A187BEF004907A2 /* Debug */,
				2ECC945B1A187BEF004907A2 /* Release */,
			);
			defaultConfigurationIsVisible = 0;
		};
		2ECC945C1A187BEF004907A2 /* Build configuration list for PBXNativeTarget "MarioTests" */ = {
			isa = XCConfigurationList;
			buildConfigurations = (
				2ECC945D1A187BEF004907A2 /* Debug */,
				2ECC945E1A187BEF004907A2 /* Release */,
			);
			defaultConfigurationIsVisible = 0;
		};
/* End XCConfigurationList section */
	};
	rootObject = 2ECC94321A187BEF004907A2 /* Project object */;
}
